
Microsoft Visual Studio Solution File, Format Version 12.00
# Visual Studio Version 17
VisualStudioVersion = 17.0.31903.59
MinimumVisualStudioVersion = 10.0.40219.1
Project("{FAE04EC0-301F-11D3-BF4B-00C04F79EFBC}") = "UmsToEngageTest.Web", "UmsToEngageTest.Web\UmsToEngageTest.Web.csproj", "{AFC41CD2-B3CD-4A55-A68F-418918DBC180}"
EndProject
Project("{FAE04EC0-301F-11D3-BF4B-00C04F79EFBC}") = "UmsToEngageTest.Core", "UmsToEngageTest.Core\UmsToEngageTest.Core.csproj", "{6DCCE96B-F868-4CC6-A5F6-DF826AB005C9}"
EndProject
Global
	GlobalSection(SolutionConfigurationPlatforms) = preSolution
		Debug|Any CPU = Debug|Any CPU
		Release|Any CPU = Release|Any CPU
	EndGlobalSection
	GlobalSection(SolutionProperties) = preSolution
		HideSolutionNode = FALSE
	EndGlobalSection
	GlobalSection(ProjectConfigurationPlatforms) = postSolution
		{AFC41CD2-B3CD-4A55-A68F-418918DBC180}.Debug|Any CPU.ActiveCfg = Debug|Any CPU
		{AFC41CD2-B3CD-4A55-A68F-418918DBC180}.Debug|Any CPU.Build.0 = Debug|Any CPU
		{AFC41CD2-B3CD-4A55-A68F-418918DBC180}.Release|Any CPU.ActiveCfg = Release|Any CPU
		{AFC41CD2-B3CD-4A55-A68F-418918DBC180}.Release|Any CPU.Build.0 = Release|Any CPU
		{6DCCE96B-F868-4CC6-A5F6-DF826AB005C9}.Debug|Any CPU.ActiveCfg = Debug|Any CPU
		{6DCCE96B-F868-4CC6-A5F6-DF826AB005C9}.Debug|Any CPU.Build.0 = Debug|Any CPU
		{6DCCE96B-F868-4CC6-A5F6-DF826AB005C9}.Release|Any CPU.ActiveCfg = Release|Any CPU
		{6DCCE96B-F868-4CC6-A5F6-DF826AB005C9}.Release|Any CPU.Build.0 = Release|Any CPU
	EndGlobalSection
EndGlobal
Project("{2150E333-8FDC-42A3-9474-1A3956D46DE8}") = "Solution Files", "Solution Files", "{E1427CBC-83B6-44CE-A95B-97F81608DF0E}"
	ProjectSection(SolutionItems) = preProject
		.dockerignore = .dockerignore
		.editorconfig = .editorconfig
		.gitattributes = .gitattributes
		.gitignore = .gitignore
		.umbraco = .umbraco
		NuGet.config = NuGet.config
		Readme.md = Readme.md
		UmsToEngageTest.Web\umbraco-cloud.json = UmsToEngageTest.Web\umbraco-cloud.json
	EndProjectSection
EndProject
